
Microsoft Visual Studio Solution File, Format Version 12.00
# Visual Studio 15
Project("{FAE04EC0-301F-11D3-BF4B-00C04F79EFBC}") = "Assembly-CSharp", "Assembly-CSharp.csproj", "{70A75BEC-4FB8-B775-7466-0BDDA5406081}"
EndProject
Project("{FAE04EC0-301F-11D3-BF4B-00C04F79EFBC}") = "VuforiaScripts", "VuforiaScripts.csproj", "{6F93CE3A-A280-5285-1E8D-69CEE9DE9179}"
EndProject
Project("{FAE04EC0-301F-11D3-BF4B-00C04F79EFBC}") = "VuforiaEditorScripts", "VuforiaEditorScripts.csproj", "{490C006E-DF17-9A2A-B065-F69E62104495}"
EndProject
Global
	GlobalSection(SolutionConfigurationPlatforms) = preSolution
		Debug|Any CPU = Debug|Any CPU
		Release|Any CPU = Release|Any CPU
	EndGlobalSection
	GlobalSection(ProjectConfigurationPlatforms) = postSolution
		{70A75BEC-4FB8-B775-7466-0BDDA5406081}.Debug|Any CPU.ActiveCfg = Debug|Any CPU
		{70A75BEC-4FB8-B775-7466-0BDDA5406081}.Debug|Any CPU.Build.0 = Debug|Any CPU
		{70A75BEC-4FB8-B775-7466-0BDDA5406081}.Release|Any CPU.ActiveCfg = Release|Any CPU
		{70A75BEC-4FB8-B775-7466-0BDDA5406081}.Release|Any CPU.Build.0 = Release|Any CPU
		{6F93CE3A-A280-5285-1E8D-69CEE9DE9179}.Debug|Any CPU.ActiveCfg = Debug|Any CPU
		{6F93CE3A-A280-5285-1E8D-69CEE9DE9179}.Debug|Any CPU.Build.0 = Debug|Any CPU
		{6F93CE3A-A280-5285-1E8D-69CEE9DE9179}.Release|Any CPU.ActiveCfg = Release|Any CPU
		{6F93CE3A-A280-5285-1E8D-69CEE9DE9179}.Release|Any CPU.Build.0 = Release|Any CPU
		{490C006E-DF17-9A2A-B065-F69E62104495}.Debug|Any CPU.ActiveCfg = Debug|Any CPU
		{490C006E-DF17-9A2A-B065-F69E62104495}.Debug|Any CPU.Build.0 = Debug|Any CPU
		{490C006E-DF17-9A2A-B065-F69E62104495}.Release|Any CPU.ActiveCfg = Release|Any CPU
		{490C006E-DF17-9A2A-B065-F69E62104495}.Release|Any CPU.Build.0 = Release|Any CPU
	EndGlobalSection
	GlobalSection(SolutionProperties) = preSolution
		HideSolutionNode = FALSE
	EndGlobalSection
EndGlobal
